
Microsoft Visual Studio Solution File, Format Version 12.00
# Visual Studio Version 16
VisualStudioVersion = 16.0.30804.86
MinimumVisualStudioVersion = 10.0.40219.1
Project("{FAE04EC0-301F-11D3-BF4B-00C04F79EFBC}") = "PasswordGenerator.Tests", "PasswordGenerator.Tests\PasswordGenerator.Tests.csproj", "{14C804F0-3FAF-4386-B786-67C6DE83946D}"
EndProject
Project("{FAE04EC0-301F-11D3-BF4B-00C04F79EFBC}") = "PasswordGenerator.Forms", "PasswordGenerator.Forms\PasswordGenerator.Forms.csproj", "{8642D72A-1778-498D-9FB8-C45D8CE2514A}"
EndProject
Project("{FAE04EC0-301F-11D3-BF4B-00C04F79EFBC}") = "PasswordGenerator.Domain", "PasswordGenerator.Domain\PasswordGenerator.Domain.csproj", "{982EEC52-44D8-479E-972C-45F0F6FB60C2}"
EndProject
Global
	GlobalSection(SolutionConfigurationPlatforms) = preSolution
		Debug|Any CPU = Debug|Any CPU
		Release|Any CPU = Release|Any CPU
	EndGlobalSection
	GlobalSection(ProjectConfigurationPlatforms) = postSolution
		{14C804F0-3FAF-4386-B786-67C6DE83946D}.Debug|Any CPU.ActiveCfg = Debug|Any CPU
		{14C804F0-3FAF-4386-B786-67C6DE83946D}.Debug|Any CPU.Build.0 = Debug|Any CPU
		{14C804F0-3FAF-4386-B786-67C6DE83946D}.Release|Any CPU.ActiveCfg = Release|Any CPU
		{14C804F0-3FAF-4386-B786-67C6DE83946D}.Release|Any CPU.Build.0 = Release|Any CPU
		{8642D72A-1778-498D-9FB8-C45D8CE2514A}.Debug|Any CPU.ActiveCfg = Debug|Any CPU
		{8642D72A-1778-498D-9FB8-C45D8CE2514A}.Debug|Any CPU.Build.0 = Debug|Any CPU
		{8642D72A-1778-498D-9FB8-C45D8CE2514A}.Release|Any CPU.ActiveCfg = Release|Any CPU
		{8642D72A-1778-498D-9FB8-C45D8CE2514A}.Release|Any CPU.Build.0 = Release|Any CPU
		{982EEC52-44D8-479E-972C-45F0F6FB60C2}.Debug|Any CPU.ActiveCfg = Debug|Any CPU
		{982EEC52-44D8-479E-972C-45F0F6FB60C2}.Debug|Any CPU.Build.0 = Debug|Any CPU
		{982EEC52-44D8-479E-972C-45F0F6FB60C2}.Release|Any CPU.ActiveCfg = Release|Any CPU
		{982EEC52-44D8-479E-972C-45F0F6FB60C2}.Release|Any CPU.Build.0 = Release|Any CPU
	EndGlobalSection
	GlobalSection(SolutionProperties) = preSolution
		HideSolutionNode = FALSE
	EndGlobalSection
	GlobalSection(ExtensibilityGlobals) = postSolution
		SolutionGuid = {D9484C6D-B52E-4066-B306-A668E05A10E6}
	EndGlobalSection
EndGlobal
